
Microsoft Visual Studio Solution File, Format Version 12.00
# Visual Studio Version 17
VisualStudioVersion = 17.0.32014.148
MinimumVisualStudioVersion = 10.0.40219.1
Project("{FAE04EC0-301F-11D3-BF4B-00C04F79EFBC}") = "DriveFiller", "DriveFiller.csproj", "{F6BDB584-179F-4F55-9E8F-15DA03507BD2}"
EndProject
Global
	GlobalSection(SolutionConfigurationPlatforms) = preSolution
		Debug|Any CPU = Debug|Any CPU
		Release|Any CPU = Release|Any CPU
	EndGlobalSection
	GlobalSection(ProjectConfigurationPlatforms) = postSolution
		{F6BDB584-179F-4F55-9E8F-15DA03507BD2}.Debug|Any CPU.ActiveCfg = Debug|Any CPU
		{F6BDB584-179F-4F55-9E8F-15DA03507BD2}.Debug|Any CPU.Build.0 = Debug|Any CPU
		{F6BDB584-179F-4F55-9E8F-15DA03507BD2}.Release|Any CPU.ActiveCfg = Release|Any CPU
		{F6BDB584-179F-4F55-9E8F-15DA03507BD2}.Release|Any CPU.Build.0 = Release|Any CPU
	EndGlobalSection
	GlobalSection(SolutionProperties) = preSolution
		HideSolutionNode = FALSE
	EndGlobalSection
	GlobalSection(ExtensibilityGlobals) = postSolution
		SolutionGuid = {B48892D0-570E-4423-A81D-73CA9F92508D}
	EndGlobalSection
EndGlobal
